# THIS IS AN AUTOGENERATED FILE. DO NOT EDIT THIS FILE DIRECTLY.
# yarn lockfile v1


"@pie-lib/controller-utils@^0.2.18":
  version "0.2.18"
  resolved "https://registry.yarnpkg.com/@pie-lib/controller-utils/-/controller-utils-0.2.18.tgz#f15e54fb4d9f85d8c40d098943fb3bfc95c67b49"
  dependencies:
    debug "^4.1.1"
    lodash "^4.17.11"

"@pie-lib/feedback@^0.4.22":
  version "0.4.22"
  resolved "https://registry.yarnpkg.com/@pie-lib/feedback/-/feedback-0.4.22.tgz#2b8cb19857458ec064bee623cec710641bfdd06d"

debug@^3.1.0:
  version "3.1.0"
  resolved "https://registry.yarnpkg.com/debug/-/debug-3.1.0.tgz#5bb5a0672628b64149566ba16819e61518c67261"
  dependencies:
    ms "2.0.0"

debug@^4.1.1:
  version "4.1.1"
  resolved "https://registry.yarnpkg.com/debug/-/debug-4.1.1.tgz#3b72260255109c6b589cee050f1d516139664791"
  dependencies:
    ms "^2.1.1"

js-combinatorics@^0.5.4:
  version "0.5.5"
  resolved "https://registry.yarnpkg.com/js-combinatorics/-/js-combinatorics-0.5.5.tgz#78d68a6db24bbd58173ded714deee75bc4335e75"

lodash@^4.17.11, lodash@^4.17.19:
  version "4.17.19"
  resolved "https://registry.yarnpkg.com/lodash/-/lodash-4.17.19.tgz#e48ddedbe30b3321783c5b4301fbd353bc1e4a4b"

ms@2.0.0:
  version "2.0.0"
  resolved "https://registry.yarnpkg.com/ms/-/ms-2.0.0.tgz#5608aeadfc00be6c2901df5f9861788de0d597c8"

ms@^2.1.1:
  version "2.1.2"
  resolved "https://registry.yarnpkg.com/ms/-/ms-2.1.2.tgz#d09d1f357b443f493382a8eb3ccd183872ae6009"
